{
  "originHash" : "d78176abad741fd2f2fee437ffb91792156c8cc08bc8ea5899f55160b22c262e",
  "pins" : [
    {
      "identity" : "swift-log",
      "kind" : "remoteSourceControl",
      "location" : "https://github.com/apple/swift-log.git",
      "state" : {
        "revision" : "3d8596ed08bd13520157f0355e35caed215ffbfa",
        "version" : "1.6.3"
      }
    }
  ],
  "version" : 3
}
